// !$*UTF8*$!
{
	archiveVersion = 1;
	classes = {
	};
	objectVersion = 46;
	objects = {

/* Begin PBXBuildFile section */
		A9ED1D0556285854D9A10C4E /* Pods_SOSOS.framework in Frameworks */ = {isa = PBXBuildFile; fileRef = 9FC60989B8733CBA8C5EF940 /* Pods_SOSOS.framework */; };
		DD07B72D1D39C98D00730ABF /* AppDelegate.swift in Sources */ = {isa = PBXBuildFile; fileRef = DD07B72C1D39C98D00730ABF /* AppDelegate.swift */; };
		DD07B72F1D39C98D00730ABF /* ViewController.swift in Sources */ = {isa = PBXBuildFile; fileRef = DD07B72E1D39C98D00730ABF /* ViewController.swift */; };
		DD07B7321D39C98D00730ABF /* Main.storyboard in Resources */ = {isa = PBXBuildFile; fileRef = DD07B7301D39C98D00730ABF /* Main.storyboard */; };
		DD07B7371D39C98D00730ABF /* LaunchScreen.storyboard in Resources */ = {isa = PBXBuildFile; fileRef = DD07B7351D39C98D00730ABF /* LaunchScreen.storyboard */; };
		DD7E58761D39FADA004B2A73 /* Assets.xcassets in Resources */ = {isa = PBXBuildFile; fileRef = DD7E58711D39FADA004B2A73 /* Assets.xcassets */; };
		DD7E58781D39FADA004B2A73 /* FirstTimeViewController.swift in Sources */ = {isa = PBXBuildFile; fileRef = DD7E58741D39FADA004B2A73 /* FirstTimeViewController.swift */; };
		DD7E58791D39FADA004B2A73 /* VCR_OSD_MONO.otf in Resources */ = {isa = PBXBuildFile; fileRef = DD7E58751D39FADA004B2A73 /* VCR_OSD_MONO.otf */; };
		EAFD49551D3A11B9009B2B85 /* MenuViewController.swift in Sources */ = {isa = PBXBuildFile; fileRef = EAFD49541D3A11B9009B2B85 /* MenuViewController.swift */; };
		EAFD49591D3A133A009B2B85 /* BuyFoodViewController.swift in Sources */ = {isa = PBXBuildFile; fileRef = EAFD49581D3A133A009B2B85 /* BuyFoodViewController.swift */; };
		EAFD495B1D3A183A009B2B85 /* PlayGamesViewController.swift in Sources */ = {isa = PBXBuildFile; fileRef = EAFD495A1D3A183A009B2B85 /* PlayGamesViewController.swift */; };
		EAFD495D1D3A184C009B2B85 /* SettingsViewController.swift in Sources */ = {isa = PBXBuildFile; fileRef = EAFD495C1D3A184C009B2B85 /* SettingsViewController.swift */; };
/* End PBXBuildFile section */

/* Begin PBXFileReference section */
		116382E8F33162A0131F78F6 /* Pods-SOSOS.release.xcconfig */ = {isa = PBXFileReference; includeInIndex = 1; lastKnownFileType = text.xcconfig; name = "Pods-SOSOS.release.xcconfig"; path = "Pods/Target Support Files/Pods-SOSOS/Pods-SOSOS.release.xcconfig"; sourceTree = "<group>"; };
		9FC60989B8733CBA8C5EF940 /* Pods_SOSOS.framework */ = {isa = PBXFileReference; explicitFileType = wrapper.framework; includeInIndex = 0; path = Pods_SOSOS.framework; sourceTree = BUILT_PRODUCTS_DIR; };
		D9BC17551B7C9B13C2ACAE0A /* Pods-SOSOS.debug.xcconfig */ = {isa = PBXFileReference; includeInIndex = 1; lastKnownFileType = text.xcconfig; name = "Pods-SOSOS.debug.xcconfig"; path = "Pods/Target Support Files/Pods-SOSOS/Pods-SOSOS.debug.xcconfig"; sourceTree = "<group>"; };
		DD07B7291D39C98D00730ABF /* SOSOS.app */ = {isa = PBXFileReference; explicitFileType = wrapper.application; includeInIndex = 0; path = SOSOS.app; sourceTree = BUILT_PRODUCTS_DIR; };
		DD07B72C1D39C98D00730ABF /* AppDelegate.swift */ = {isa = PBXFileReference; lastKnownFileType = sourcecode.swift; path = AppDelegate.swift; sourceTree = "<group>"; };
		DD07B72E1D39C98D00730ABF /* ViewController.swift */ = {isa = PBXFileReference; lastKnownFileType = sourcecode.swift; path = ViewController.swift; sourceTree = "<group>"; };
		DD07B7311D39C98D00730ABF /* Base */ = {isa = PBXFileReference; lastKnownFileType = file.storyboard; name = Base; path = Base.lproj/Main.storyboard; sourceTree = "<group>"; };
		DD07B7361D39C98D00730ABF /* Base */ = {isa = PBXFileReference; lastKnownFileType = file.storyboard; name = Base; path = Base.lproj/LaunchScreen.storyboard; sourceTree = "<group>"; };
		DD07B7381D39C98D00730ABF /* Info.plist */ = {isa = PBXFileReference; lastKnownFileType = text.plist.xml; path = Info.plist; sourceTree = "<group>"; };
		DD07B73F1D39CB8B00730ABF /* SOSOS-Bridging-Header.h */ = {isa = PBXFileReference; fileEncoding = 4; lastKnownFileType = sourcecode.c.h; path = "SOSOS-Bridging-Header.h"; sourceTree = "<group>"; };
		DD7E58711D39FADA004B2A73 /* Assets.xcassets */ = {isa = PBXFileReference; lastKnownFileType = folder.assetcatalog; name = Assets.xcassets; path = Sosos/Assets.xcassets; sourceTree = SOURCE_ROOT; };
		DD7E58741D39FADA004B2A73 /* FirstTimeViewController.swift */ = {isa = PBXFileReference; fileEncoding = 4; lastKnownFileType = sourcecode.swift; name = FirstTimeViewController.swift; path = Sosos/FirstTimeViewController.swift; sourceTree = SOURCE_ROOT; };
		DD7E58751D39FADA004B2A73 /* VCR_OSD_MONO.otf */ = {isa = PBXFileReference; lastKnownFileType = file; name = VCR_OSD_MONO.otf; path = Sosos/VCR_OSD_MONO.otf; sourceTree = SOURCE_ROOT; };
		EAFD49541D3A11B9009B2B85 /* MenuViewController.swift */ = {isa = PBXFileReference; fileEncoding = 4; lastKnownFileType = sourcecode.swift; path = MenuViewController.swift; sourceTree = "<group>"; };
		EAFD49581D3A133A009B2B85 /* BuyFoodViewController.swift */ = {isa = PBXFileReference; fileEncoding = 4; lastKnownFileType = sourcecode.swift; path = BuyFoodViewController.swift; sourceTree = "<group>"; };
		EAFD495A1D3A183A009B2B85 /* PlayGamesViewController.swift */ = {isa = PBXFileReference; fileEncoding = 4; lastKnownFileType = sourcecode.swift; path = PlayGamesViewController.swift; sourceTree = "<group>"; };
		EAFD495C1D3A184C009B2B85 /* SettingsViewController.swift */ = {isa = PBXFileReference; fileEncoding = 4; lastKnownFileType = sourcecode.swift; path = SettingsViewController.swift; sourceTree = "<group>"; };
/* End PBXFileReference section */

/* Begin PBXFrameworksBuildPhase section */
		DD07B7261D39C98D00730ABF /* Frameworks */ = {
			isa = PBXFrameworksBuildPhase;
			buildActionMask = 2147483647;
			files = (
				A9ED1D0556285854D9A10C4E /* Pods_SOSOS.framework in Frameworks */,
			);
			runOnlyForDeploymentPostprocessing = 0;
		};
/* End PBXFrameworksBuildPhase section */

/* Begin PBXGroup section */
		798B88A858C4323DBA747E5A /* Pods */ = {
			isa = PBXGroup;
			children = (
				D9BC17551B7C9B13C2ACAE0A /* Pods-SOSOS.debug.xcconfig */,
				116382E8F33162A0131F78F6 /* Pods-SOSOS.release.xcconfig */,
			);
			name = Pods;
			sourceTree = "<group>";
		};
		8FAD367FE58F7EBCA5384431 /* Frameworks */ = {
			isa = PBXGroup;
			children = (
				9FC60989B8733CBA8C5EF940 /* Pods_SOSOS.framework */,
			);
			name = Frameworks;
			sourceTree = "<group>";
		};
		DD07B7201D39C98D00730ABF = {
			isa = PBXGroup;
			children = (
				DD07B72B1D39C98D00730ABF /* SOSOS */,
				DD07B72A1D39C98D00730ABF /* Products */,
				798B88A858C4323DBA747E5A /* Pods */,
				8FAD367FE58F7EBCA5384431 /* Frameworks */,
			);
			sourceTree = "<group>";
		};
		DD07B72A1D39C98D00730ABF /* Products */ = {
			isa = PBXGroup;
			children = (
				DD07B7291D39C98D00730ABF /* SOSOS.app */,
			);
			name = Products;
			sourceTree = "<group>";
		};
		DD07B72B1D39C98D00730ABF /* SOSOS */ = {
			isa = PBXGroup;
			children = (
				DD07B72C1D39C98D00730ABF /* AppDelegate.swift */,
				DD07B72E1D39C98D00730ABF /* ViewController.swift */,
				DD7E58741D39FADA004B2A73 /* FirstTimeViewController.swift */,
				EAFD49541D3A11B9009B2B85 /* MenuViewController.swift */,
				EAFD49581D3A133A009B2B85 /* BuyFoodViewController.swift */,
				EAFD495A1D3A183A009B2B85 /* PlayGamesViewController.swift */,
				EAFD495C1D3A184C009B2B85 /* SettingsViewController.swift */,
				DD07B7301D39C98D00730ABF /* Main.storyboard */,
				DD07B7351D39C98D00730ABF /* LaunchScreen.storyboard */,
				DD07B7381D39C98D00730ABF /* Info.plist */,
				DD7E58711D39FADA004B2A73 /* Assets.xcassets */,
				DD7E58751D39FADA004B2A73 /* VCR_OSD_MONO.otf */,
				DD07B73F1D39CB8B00730ABF /* SOSOS-Bridging-Header.h */,
			);
			path = SOSOS;
			sourceTree = "<group>";
		};
/* End PBXGroup section */

/* Begin PBXNativeTarget section */
		DD07B7281D39C98D00730ABF /* SOSOS */ = {
			isa = PBXNativeTarget;
			buildConfigurationList = DD07B73B1D39C98D00730ABF /* Build configuration list for PBXNativeTarget "SOSOS" */;
			buildPhases = (
				B4F147561A1DB47DCF5FF0E8 /* [CP] Check Pods Manifest.lock */,
				DD07B7251D39C98D00730ABF /* Sources */,
				DD07B7261D39C98D00730ABF /* Frameworks */,
				DD07B7271D39C98D00730ABF /* Resources */,
				762EB7AA6FC1265FF81B2814 /* [CP] Embed Pods Frameworks */,
				B6F20B78CB13DED956F04736 /* [CP] Copy Pods Resources */,
			);
			buildRules = (
			);
			dependencies = (
			);
			name = SOSOS;
			productName = SOSOS;
			productReference = DD07B7291D39C98D00730ABF /* SOSOS.app */;
			productType = "com.apple.product-type.application";
		};
/* End PBXNativeTarget section */

/* Begin PBXProject section */
		DD07B7211D39C98D00730ABF /* Project object */ = {
			isa = PBXProject;
			attributes = {
				LastSwiftUpdateCheck = 0730;
				LastUpgradeCheck = 0730;
				ORGANIZATIONNAME = "Jonas Bauer";
				TargetAttributes = {
					DD07B7281D39C98D00730ABF = {
						CreatedOnToolsVersion = 7.3.1;
						DevelopmentTeam = 2R2X8Y69A9;
					};
				};
			};
			buildConfigurationList = DD07B7241D39C98D00730ABF /* Build configuration list for PBXProject "SOSOS" */;
			compatibilityVersion = "Xcode 3.2";
			developmentRegion = English;
			hasScannedForEncodings = 0;
			knownRegions = (
				en,
				Base,
			);
			mainGroup = DD07B7201D39C98D00730ABF;
			productRefGroup = DD07B72A1D39C98D00730ABF /* Products */;
			projectDirPath = "";
			projectRoot = "";
			targets = (
				DD07B7281D39C98D00730ABF /* SOSOS */,
			);
		};
/* End PBXProject section */

/* Begin PBXResourcesBuildPhase section */
		DD07B7271D39C98D00730ABF /* Resources */ = {
			isa = PBXResourcesBuildPhase;
			buildActionMask = 2147483647;
			files = (
				DD07B7371D39C98D00730ABF /* LaunchScreen.storyboard in Resources */,
				DD7E58791D39FADA004B2A73 /* VCR_OSD_MONO.otf in Resources */,
				DD7E58761D39FADA004B2A73 /* Assets.xcassets in Resources */,
				DD07B7321D39C98D00730ABF /* Main.storyboard in Resources */,
			);
			runOnlyForDeploymentPostprocessing = 0;
		};
/* End PBXResourcesBuildPhase section */

/* Begin PBXShellScriptBuildPhase section */
		762EB7AA6FC1265FF81B2814 /* [CP] Embed Pods Frameworks */ = {
			isa = PBXShellScriptBuildPhase;
			buildActionMask = 2147483647;
			files = (
			);
			inputPaths = (
			);
			name = "[CP] Embed Pods Frameworks";
			outputPaths = (
			);
			runOnlyForDeploymentPostprocessing = 0;
			shellPath = /bin/sh;
			shellScript = "\"${SRCROOT}/Pods/Target Support Files/Pods-SOSOS/Pods-SOSOS-frameworks.sh\"\n";
			showEnvVarsInLog = 0;
		};
		B4F147561A1DB47DCF5FF0E8 /* [CP] Check Pods Manifest.lock */ = {
			isa = PBXShellScriptBuildPhase;
			buildActionMask = 2147483647;
			files = (
			);
			inputPaths = (
			);
			name = "[CP] Check Pods Manifest.lock";
			outputPaths = (
			);
			runOnlyForDeploymentPostprocessing = 0;
			shellPath = /bin/sh;
			shellScript = "diff \"${PODS_ROOT}/../Podfile.lock\" \"${PODS_ROOT}/Manifest.lock\" > /dev/null\nif [[ $? != 0 ]] ; then\n    cat << EOM\nerror: The sandbox is not in sync with the Podfile.lock. Run 'pod install' or update your CocoaPods installation.\nEOM\n    exit 1\nfi\n";
			showEnvVarsInLog = 0;
		};
		B6F20B78CB13DED956F04736 /* [CP] Copy Pods Resources */ = {
			isa = PBXShellScriptBuildPhase;
			buildActionMask = 2147483647;
			files = (
			);
			inputPaths = (
			);
			name = "[CP] Copy Pods Resources";
			outputPaths = (
			);
			runOnlyForDeploymentPostprocessing = 0;
			shellPath = /bin/sh;
			shellScript = "\"${SRCROOT}/Pods/Target Support Files/Pods-SOSOS/Pods-SOSOS-resources.sh\"\n";
			showEnvVarsInLog = 0;
		};
/* End PBXShellScriptBuildPhase section */

/* Begin PBXSourcesBuildPhase section */
		DD07B7251D39C98D00730ABF /* Sources */ = {
			isa = PBXSourcesBuildPhase;
			buildActionMask = 2147483647;
			files = (
				DD07B72F1D39C98D00730ABF /* ViewController.swift in Sources */,
				DD7E58781D39FADA004B2A73 /* FirstTimeViewController.swift in Sources */,
				EAFD495D1D3A184C009B2B85 /* SettingsViewController.swift in Sources */,
				EAFD495B1D3A183A009B2B85 /* PlayGamesViewController.swift in Sources */,
				DD07B72D1D39C98D00730ABF /* AppDelegate.swift in Sources */,
				EAFD49551D3A11B9009B2B85 /* MenuViewController.swift in Sources */,
				EAFD49591D3A133A009B2B85 /* BuyFoodViewController.swift in Sources */,
			);
			runOnlyForDeploymentPostprocessing = 0;
		};
/* End PBXSourcesBuildPhase section */

/* Begin PBXVariantGroup section */
		DD07B7301D39C98D00730ABF /* Main.storyboard */ = {
			isa = PBXVariantGroup;
			children = (
				DD07B7311D39C98D00730ABF /* Base */,
			);
			name = Main.storyboard;
			sourceTree = "<group>";
		};
		DD07B7351D39C98D00730ABF /* LaunchScreen.storyboard */ = {
			isa = PBXVariantGroup;
			children = (
				DD07B7361D39C98D00730ABF /* Base */,
			);
			name = LaunchScreen.storyboard;
			sourceTree = "<group>";
		};
/* End PBXVariantGroup section */

/* Begin XCBuildConfiguration section */
		DD07B7391D39C98D00730ABF /* Debug */ = {
			isa = XCBuildConfiguration;
			buildSettings = {
				ALWAYS_SEARCH_USER_PATHS = NO;
				CLANG_ANALYZER_NONNULL = YES;
				CLANG_CXX_LANGUAGE_STANDARD = "gnu++0x";
				CLANG_CXX_LIBRARY = "libc++";
				CLANG_ENABLE_MODULES = YES;
				CLANG_ENABLE_OBJC_ARC = YES;
				CLANG_WARN_BOOL_CONVERSION = YES;
				CLANG_WARN_CONSTANT_CONVERSION = YES;
				CLANG_WARN_DIRECT_OBJC_ISA_USAGE = YES_ERROR;
				CLANG_WARN_EMPTY_BODY = YES;
				CLANG_WARN_ENUM_CONVERSION = YES;
				CLANG_WARN_INT_CONVERSION = YES;
				CLANG_WARN_OBJC_ROOT_CLASS = YES_ERROR;
				CLANG_WARN_UNREACHABLE_CODE = YES;
				CLANG_WARN__DUPLICATE_METHOD_MATCH = YES;
				"CODE_SIGN_IDENTITY[sdk=iphoneos*]" = "iPhone Developer";
				COPY_PHASE_STRIP = NO;
				DEBUG_INFORMATION_FORMAT = dwarf;
				ENABLE_STRICT_OBJC_MSGSEND = YES;
				ENABLE_TESTABILITY = YES;
				GCC_C_LANGUAGE_STANDARD = gnu99;
				GCC_DYNAMIC_NO_PIC = NO;
				GCC_NO_COMMON_BLOCKS = YES;
				GCC_OPTIMIZATION_LEVEL = 0;
				GCC_PREPROCESSOR_DEFINITIONS = (
					"DEBUG=1",
					"$(inherited)",
				);
				GCC_WARN_64_TO_32_BIT_CONVERSION = YES;
				GCC_WARN_ABOUT_RETURN_TYPE = YES_ERROR;
				GCC_WARN_UNDECLARED_SELECTOR = YES;
				GCC_WARN_UNINITIALIZED_AUTOS = YES_AGGRESSIVE;
				GCC_WARN_UNUSED_FUNCTION = YES;
				GCC_WARN_UNUSED_VARIABLE = YES;
				IPHONEOS_DEPLOYMENT_TARGET = 9.3;
				MTL_ENABLE_DEBUG_INFO = YES;
				ONLY_ACTIVE_ARCH = YES;
				SDKROOT = iphoneos;
				SWIFT_OPTIMIZATION_LEVEL = "-Onone";
			};
			name = Debug;
		};
		DD07B73A1D39C98D00730ABF /* Release */ = {
			isa = XCBuildConfiguration;
			buildSettings = {
				ALWAYS_SEARCH_USER_PATHS = NO;
				CLANG_ANALYZER_NONNULL = YES;
				CLANG_CXX_LANGUAGE_STANDARD = "gnu++0x";
				CLANG_CXX_LIBRARY = "libc++";
				CLANG_ENABLE_MODULES = YES;
				CLANG_ENABLE_OBJC_ARC = YES;
				CLANG_WARN_BOOL_CONVERSION = YES;
				CLANG_WARN_CONSTANT_CONVERSION = YES;
				CLANG_WARN_DIRECT_OBJC_ISA_USAGE = YES_ERROR;
				CLANG_WARN_EMPTY_BODY = YES;
				CLANG_WARN_ENUM_CONVERSION = YES;
				CLANG_WARN_INT_CONVERSION = YES;
				CLANG_WARN_OBJC_ROOT_CLASS = YES_ERROR;
				CLANG_WARN_UNREACHABLE_CODE = YES;
				CLANG_WARN__DUPLICATE_METHOD_MATCH = YES;
				"CODE_SIGN_IDENTITY[sdk=iphoneos*]" = "iPhone Developer";
				COPY_PHASE_STRIP = NO;
				DEBUG_INFORMATION_FORMAT = "dwarf-with-dsym";
				ENABLE_NS_ASSERTIONS = NO;
				ENABLE_STRICT_OBJC_MSGSEND = YES;
				GCC_C_LANGUAGE_STANDARD = gnu99;
				GCC_NO_COMMON_BLOCKS = YES;
				GCC_WARN_64_TO_32_BIT_CONVERSION = YES;
				GCC_WARN_ABOUT_RETURN_TYPE = YES_ERROR;
				GCC_WARN_UNDECLARED_SELECTOR = YES;
				GCC_WARN_UNINITIALIZED_AUTOS = YES_AGGRESSIVE;
				GCC_WARN_UNUSED_FUNCTION = YES;
				GCC_WARN_UNUSED_VARIABLE = YES;
				IPHONEOS_DEPLOYMENT_TARGET = 9.3;
				MTL_ENABLE_DEBUG_INFO = NO;
				SDKROOT = iphoneos;
				VALIDATE_PRODUCT = YES;
			};
			name = Release;
		};
		DD07B73C1D39C98D00730ABF /* Debug */ = {
			isa = XCBuildConfiguration;
			baseConfigurationReference = D9BC17551B7C9B13C2ACAE0A /* Pods-SOSOS.debug.xcconfig */;
			buildSettings = {
				CODE_SIGN_IDENTITY = "iPhone Developer";
				"CODE_SIGN_IDENTITY[sdk=iphoneos*]" = "iPhone Developer";
				INFOPLIST_FILE = SOSOS/Info.plist;
				LD_RUNPATH_SEARCH_PATHS = "$(inherited) @executable_path/Frameworks";
				PRODUCT_BUNDLE_IDENTIFIER = "com.TJack-2.SOSOS";
				PRODUCT_NAME = "$(TARGET_NAME)";
				PROVISIONING_PROFILE = "";
				SWIFT_OBJC_BRIDGING_HEADER = "SOSOS-Bridging-Header.h";
			};
			name = Debug;
		};
		DD07B73D1D39C98D00730ABF /* Release */ = {
			isa = XCBuildConfiguration;
			baseConfigurationReference = 116382E8F33162A0131F78F6 /* Pods-SOSOS.release.xcconfig */;
			buildSettings = {
				CODE_SIGN_IDENTITY = "iPhone Developer";
				"CODE_SIGN_IDENTITY[sdk=iphoneos*]" = "iPhone Developer";
				INFOPLIST_FILE = SOSOS/Info.plist;
				LD_RUNPATH_SEARCH_PATHS = "$(inherited) @executable_path/Frameworks";
				PRODUCT_BUNDLE_IDENTIFIER = "com.TJack-2.SOSOS";
				PRODUCT_NAME = "$(TARGET_NAME)";
				PROVISIONING_PROFILE = "";
				SWIFT_OBJC_BRIDGING_HEADER = "SOSOS-Bridging-Header.h";
			};
			name = Release;
		};
/* End XCBuildConfiguration section */

/* Begin XCConfigurationList section */
		DD07B7241D39C98D00730ABF /* Build configuration list for PBXProject "SOSOS" */ = {
			isa = XCConfigurationList;
			buildConfigurations = (
				DD07B7391D39C98D00730ABF /* Debug */,
				DD07B73A1D39C98D00730ABF /* Release */,
			);
			defaultConfigurationIsVisible = 0;
			defaultConfigurationName = Release;
		};
		DD07B73B1D39C98D00730ABF /* Build configuration list for PBXNativeTarget "SOSOS" */ = {
			isa = XCConfigurationList;
			buildConfigurations = (
				DD07B73C1D39C98D00730ABF /* Debug */,
				DD07B73D1D39C98D00730ABF /* Release */,
			);
			defaultConfigurationIsVisible = 0;
			defaultConfigurationName = Release;
		};
/* End XCConfigurationList section */
	};
	rootObject = DD07B7211D39C98D00730ABF /* Project object */;
}
